
Microsoft Visual Studio Solution File, Format Version 12.00
# Visual Studio Version 17
VisualStudioVersion = 17.0.31919.166
MinimumVisualStudioVersion = 10.0.40219.1
Project("{9A19103F-16F7-4668-BE54-9A1E7A4F7556}") = "HeroesAPI", "HeroesAPI\HeroesAPI.csproj", "{C020DEF0-D103-495C-8A52-94AC699DFA59}"
EndProject
Project("{9A19103F-16F7-4668-BE54-9A1E7A4F7556}") = "HeroesWpf", "HeroesWpf\HeroesWpf.csproj", "{39BAC5E7-0949-48E4-8EAC-5DD5B42FA003}"
EndProject
Project("{9A19103F-16F7-4668-BE54-9A1E7A4F7556}") = "Commons", "Common\Commons.csproj", "{B91C67DD-964E-4E30-BFD1-23269CA427DD}"
EndProject
Global
	GlobalSection(SolutionConfigurationPlatforms) = preSolution
		Debug|Any CPU = Debug|Any CPU
		Release|Any CPU = Release|Any CPU
	EndGlobalSection
	GlobalSection(ProjectConfigurationPlatforms) = postSolution
		{C020DEF0-D103-495C-8A52-94AC699DFA59}.Debug|Any CPU.ActiveCfg = Debug|Any CPU
		{C020DEF0-D103-495C-8A52-94AC699DFA59}.Debug|Any CPU.Build.0 = Debug|Any CPU
		{C020DEF0-D103-495C-8A52-94AC699DFA59}.Release|Any CPU.ActiveCfg = Release|Any CPU
		{C020DEF0-D103-495C-8A52-94AC699DFA59}.Release|Any CPU.Build.0 = Release|Any CPU
		{39BAC5E7-0949-48E4-8EAC-5DD5B42FA003}.Debug|Any CPU.ActiveCfg = Debug|Any CPU
		{39BAC5E7-0949-48E4-8EAC-5DD5B42FA003}.Debug|Any CPU.Build.0 = Debug|Any CPU
		{39BAC5E7-0949-48E4-8EAC-5DD5B42FA003}.Release|Any CPU.ActiveCfg = Release|Any CPU
		{39BAC5E7-0949-48E4-8EAC-5DD5B42FA003}.Release|Any CPU.Build.0 = Release|Any CPU
		{B91C67DD-964E-4E30-BFD1-23269CA427DD}.Debug|Any CPU.ActiveCfg = Debug|Any CPU
		{B91C67DD-964E-4E30-BFD1-23269CA427DD}.Debug|Any CPU.Build.0 = Debug|Any CPU
		{B91C67DD-964E-4E30-BFD1-23269CA427DD}.Release|Any CPU.ActiveCfg = Release|Any CPU
		{B91C67DD-964E-4E30-BFD1-23269CA427DD}.Release|Any CPU.Build.0 = Release|Any CPU
	EndGlobalSection
	GlobalSection(SolutionProperties) = preSolution
		HideSolutionNode = FALSE
	EndGlobalSection
	GlobalSection(ExtensibilityGlobals) = postSolution
		SolutionGuid = {6DDA220A-0F1F-418A-8301-A5174AB34EE1}
	EndGlobalSection
EndGlobal
